# This file is autogenerated, do not edit; changes may be undone by the next 'dep ensure'.


[[projects]]
  branch = "master"
  digest = "1:f8c8ae5cbd32efee6405d274c2cbb8fc036fd9d57b9c39aeb4a4934f537dc316"
  name = "github.com/btcsuite/btcd"
  packages = [
    "btcec",
    "btcjson",
    "chaincfg",
    "chaincfg/chainhash",
    "rpcclient",
    "wire",
  ]
  pruneopts = "UT"
  revision = "96897255fd17525dd12426345d279533780bc4e1"

[[projects]]
  branch = "master"
  digest = "1:30d4a548e09bca4a0c77317c58e7407e2a65c15325e944f9c08a7b7992f8a59e"
  name = "github.com/btcsuite/btclog"
  packages = ["."]
  pruneopts = "UT"
  revision = "84c8d2346e9fc8c7b947e243b9c24e6df9fd206a"

[[projects]]
  branch = "master"
  digest = "1:d17099fb1aae071174db067e43a02780bbe534a279e0506783acd33c4f4b131c"
  name = "github.com/btcsuite/btcutil"
  packages = [
    ".",
    "base58",
    "bech32",
  ]
  pruneopts = "UT"
  revision = "9e5f4b9a998d263e3ce9c56664a7816001ac8000"

[[projects]]
  branch = "master"
  digest = "1:1e6b2f7aa98b082c30a1303c29a702c369b2ec6d86b74a599bc8bbe2333db299"
  name = "github.com/btcsuite/go-socks"
  packages = ["socks"]
  pruneopts = "UT"
  revision = "4720035b7bfd2a9bb130b1c184f8bbe41b6f0d0f"

[[projects]]
  branch = "master"
  digest = "1:0b2242fd2f4f51fb491e97e204464f75da680897a0db10ec7554c87b71b5afc3"
  name = "github.com/btcsuite/websocket"
  packages = ["."]
  pruneopts = "UT"
  revision = "31079b6807923eb23992c421b114992b95131b55"

[[projects]]
  digest = "1:ffe9824d294da03b391f44e1ae8281281b4afc1bdaa9588c9097785e3af10cec"
  name = "github.com/davecgh/go-spew"
  packages = ["spew"]
  pruneopts = "UT"
  revision = "8991bc29aa16c548c550c7ff78260e27b9ab7c73"
  version = "v1.1.1"

[[projects]]
  branch = "master"
  digest = "1:56c9e9da6e0596886c8a231c9b4121b8206368f63424e7ba510aca4ba2d650d3"
  name = "github.com/fiatjaf/lightningd-gjson-rpc"
  packages = ["."]
  pruneopts = "UT"
  revision = "32408eef037bd3d3553e466eda7a39f99ba905da"

[[projects]]
  branch = "master"
  digest = "1:f2f806cf86ec4291da63d9ffa88af9b4be3c4ee4bbfb9ec2b1109f8ba2d38d1b"
  name = "github.com/flynn/noise"
  packages = ["."]
  pruneopts = "UT"
  revision = "2492fe189ae688d7edbeae0fd575de2f1c5fec8e"

[[projects]]
  digest = "1:38ec74012390146c45af1f92d46e5382b50531247929ff3a685d2b2be65155ac"
  name = "github.com/gomodule/redigo"
  packages = [
    "internal",
    "redis",
  ]
  pruneopts = "UT"
  revision = "9c11da706d9b7902c6da69c592f75637793fe121"
  version = "v2.0.0"

[[projects]]
  digest = "1:d5f97fc268267ec1b61c3453058c738246fc3e746f14b1ae25161513b7367b0c"
  name = "github.com/gorilla/mux"
  packages = ["."]
  pruneopts = "UT"
  revision = "c5c6c98bc25355028a63748a498942a6398ccd22"
  version = "v1.7.1"

[[projects]]
  digest = "1:7b5c6e2eeaa9ae5907c391a91c132abfd5c9e8a784a341b5625e750c67e6825d"
  name = "github.com/gorilla/websocket"
  packages = ["."]
  pruneopts = "UT"
  revision = "66b9c49e59c6c48f0ffce28c2d8b8a5678502c6d"
  version = "v1.4.0"

[[projects]]
  digest = "1:0028cb19b2e4c3112225cd871870f2d9cf49b9b4276531f03438a88e94be86fe"
  name = "github.com/pmezard/go-difflib"
  packages = ["difflib"]
  pruneopts = "UT"
  revision = "792786c7400a136282c1664665ae0a8db921c6c2"
  version = "v1.0.0"

[[projects]]
  digest = "1:5da8ce674952566deae4dbc23d07c85caafc6cfa815b0b3e03e41979cedb8750"
  name = "github.com/stretchr/testify"
  packages = [
    "assert",
    "require",
  ]
  pruneopts = "UT"
  revision = "ffdc059bfe9ce6a4e144ba849dbedead332c6053"
  version = "v1.3.0"

[[projects]]
  digest = "1:7df351557a6d5c30804e7d6f7ed87f2fccb0619c08fcc84869a93f22bec96c11"
  name = "github.com/tidwall/gjson"
  packages = ["."]
  pruneopts = "UT"
  revision = "eee0b6226f0d1db2675a176fdfaa8419bcad4ca8"
  version = "v1.2.1"

[[projects]]
  digest = "1:8453ddbed197809ee8ca28b06bd04e127bec9912deb4ba451fea7a1eca578328"
  name = "github.com/tidwall/match"
  packages = ["."]
  pruneopts = "UT"
  revision = "33827db735fff6510490d69a8622612558a557ed"
  version = "v1.0.1"

[[projects]]
  branch = "master"
  digest = "1:ddfe0a54e5f9b29536a6d7b2defa376f2cb2b6e4234d676d7ff214d5b097cb50"
  name = "github.com/tidwall/pretty"
  packages = ["."]
  pruneopts = "UT"
  revision = "1166b9ac2b65e46a43d8618d30d1554f4652d49b"

[[projects]]
  branch = "master"
  digest = "1:f9058127cac032a2c924e0dd5c51f6b68e5570dd570b0cbb29e988efda361b1b"
  name = "golang.org/x/crypto"
  packages = [
    "blake2b",
    "blake2s",
    "chacha20poly1305",
    "curve25519",
    "internal/chacha20",
    "internal/subtle",
    "poly1305",
    "ripemd160",
  ]
  pruneopts = "UT"
  revision = "cbcb750295291b33242907a04be40e80801d0cfc"

[[projects]]
  branch = "master"
  digest = "1:9289797869517c73400e7b5a93beefbfc86e06f56e3ab03f38fb0d575e685277"
  name = "golang.org/x/sys"
  packages = ["cpu"]
  pruneopts = "UT"
  revision = "04f50cda93cbb67f2afa353c52f342100e80e625"

[solve-meta]
  analyzer-name = "dep"
  analyzer-version = 1
  input-imports = [
    "github.com/btcsuite/btcd/rpcclient",
    "github.com/fiatjaf/lightningd-gjson-rpc",
    "github.com/flynn/noise",
    "github.com/gomodule/redigo/redis",
    "github.com/gorilla/mux",
    "github.com/gorilla/websocket",
    "github.com/stretchr/testify/require",
    "github.com/tidwall/gjson",
  ]
  solver-name = "gps-cdcl"
  solver-version = 1
